
Microsoft Visual Studio Solution File, Format Version 12.00
# Visual Studio Version 17
VisualStudioVersion = 17.0.31903.59
MinimumVisualStudioVersion = 10.0.40219.1
Project("{2150E333-8FDC-42A3-9474-1A3956D46DE8}") = "src", "src", "{AE994733-0DC8-428E-894D-6B9823CB4C52}"
EndProject
Project("{FAE04EC0-301F-11D3-BF4B-00C04F79EFBC}") = "CliqueFusion", "src\CliqueFusion\CliqueFusion.csproj", "{45CD2BE7-D288-4025-B2E0-3D93A6F31457}"
EndProject
Project("{FAE04EC0-301F-11D3-BF4B-00C04F79EFBC}") = "CliqueFusion.Tests", "src\CliqueFusion.Tests\CliqueFusion.Tests.csproj", "{D7524AFA-F943-490E-A0B0-D521E7588882}"
EndProject
Global
	GlobalSection(SolutionConfigurationPlatforms) = preSolution
		Debug|Any CPU = Debug|Any CPU
		Release|Any CPU = Release|Any CPU
	EndGlobalSection
	GlobalSection(SolutionProperties) = preSolution
		HideSolutionNode = FALSE
	EndGlobalSection
	GlobalSection(ProjectConfigurationPlatforms) = postSolution
		{45CD2BE7-D288-4025-B2E0-3D93A6F31457}.Debug|Any CPU.ActiveCfg = Debug|Any CPU
		{45CD2BE7-D288-4025-B2E0-3D93A6F31457}.Debug|Any CPU.Build.0 = Debug|Any CPU
		{45CD2BE7-D288-4025-B2E0-3D93A6F31457}.Release|Any CPU.ActiveCfg = Release|Any CPU
		{45CD2BE7-D288-4025-B2E0-3D93A6F31457}.Release|Any CPU.Build.0 = Release|Any CPU
		{D7524AFA-F943-490E-A0B0-D521E7588882}.Debug|Any CPU.ActiveCfg = Debug|Any CPU
		{D7524AFA-F943-490E-A0B0-D521E7588882}.Debug|Any CPU.Build.0 = Debug|Any CPU
		{D7524AFA-F943-490E-A0B0-D521E7588882}.Release|Any CPU.ActiveCfg = Release|Any CPU
		{D7524AFA-F943-490E-A0B0-D521E7588882}.Release|Any CPU.Build.0 = Release|Any CPU
	EndGlobalSection
	GlobalSection(NestedProjects) = preSolution
		{45CD2BE7-D288-4025-B2E0-3D93A6F31457} = {AE994733-0DC8-428E-894D-6B9823CB4C52}
		{D7524AFA-F943-490E-A0B0-D521E7588882} = {AE994733-0DC8-428E-894D-6B9823CB4C52}
	EndGlobalSection
EndGlobal
